
Microsoft Visual Studio Solution File, Format Version 12.00
# Visual Studio Version 16
VisualStudioVersion = 16.0.29306.81
MinimumVisualStudioVersion = 10.0.40219.1
Project("{FAE04EC0-301F-11D3-BF4B-00C04F79EFBC}") = "Morgengry", "Morgengry\Morgengry.csproj", "{A83C3FA2-8E9C-4CB8-B9CB-80936B0C5DAE}"
EndProject
Project("{FAE04EC0-301F-11D3-BF4B-00C04F79EFBC}") = "Test", "Test\Test.csproj", "{B18F3F81-F605-40E5-AB8B-5BE14487DFB5}"
EndProject
Global
	GlobalSection(SolutionConfigurationPlatforms) = preSolution
		Debug|Any CPU = Debug|Any CPU
		Release|Any CPU = Release|Any CPU
	EndGlobalSection
	GlobalSection(ProjectConfigurationPlatforms) = postSolution
		{A83C3FA2-8E9C-4CB8-B9CB-80936B0C5DAE}.Debug|Any CPU.ActiveCfg = Debug|Any CPU
		{A83C3FA2-8E9C-4CB8-B9CB-80936B0C5DAE}.Debug|Any CPU.Build.0 = Debug|Any CPU
		{A83C3FA2-8E9C-4CB8-B9CB-80936B0C5DAE}.Release|Any CPU.ActiveCfg = Release|Any CPU
		{A83C3FA2-8E9C-4CB8-B9CB-80936B0C5DAE}.Release|Any CPU.Build.0 = Release|Any CPU
		{B18F3F81-F605-40E5-AB8B-5BE14487DFB5}.Debug|Any CPU.ActiveCfg = Debug|Any CPU
		{B18F3F81-F605-40E5-AB8B-5BE14487DFB5}.Debug|Any CPU.Build.0 = Debug|Any CPU
		{B18F3F81-F605-40E5-AB8B-5BE14487DFB5}.Release|Any CPU.ActiveCfg = Release|Any CPU
		{B18F3F81-F605-40E5-AB8B-5BE14487DFB5}.Release|Any CPU.Build.0 = Release|Any CPU
	EndGlobalSection
	GlobalSection(SolutionProperties) = preSolution
		HideSolutionNode = FALSE
	EndGlobalSection
	GlobalSection(ExtensibilityGlobals) = postSolution
		SolutionGuid = {F3AE4F8E-767E-42FF-9C13-8825BAD9E1DE}
	EndGlobalSection
EndGlobal
